
Microsoft Visual Studio Solution File, Format Version 12.00
# Visual Studio Version 16
VisualStudioVersion = 16.0.29709.97
MinimumVisualStudioVersion = 10.0.40219.1
Project("{2150E333-8FDC-42A3-9474-1A3956D46DE8}") = "A2v10.ProcS", "A2v10.ProcS", "{0D81879B-52E1-4093-B783-21479A4BE203}"
EndProject
Project("{9A19103F-16F7-4668-BE54-9A1E7A4F7556}") = "A2v10.ProcS", "A2v10.ProcS\A2v10.ProcS\A2v10.ProcS.csproj", "{42211D38-C5C3-421D-89AD-7DBA497FB93A}"
EndProject
Project("{9A19103F-16F7-4668-BE54-9A1E7A4F7556}") = "A2v10.ProcS.Interfaces", "A2v10.ProcS\A2v10.ProcS.Interfaces\A2v10.ProcS.Interfaces.csproj", "{A6839BE6-CB95-4C73-9153-2EA6CC74895C}"
EndProject
Project("{FAE04EC0-301F-11D3-BF4B-00C04F79EFBC}") = "A2v10.ProcS.Tests", "A2v10.ProcS\A2v10.ProcS.Tests\A2v10.ProcS.Tests.csproj", "{EA99F7E5-CFE3-41F5-AAB8-7F22EA15706A}"
EndProject
Project("{2150E333-8FDC-42A3-9474-1A3956D46DE8}") = "A2v10.ProcS.Chatbot", "A2v10.ProcS.Chatbot", "{55D1D43E-4E04-4479-8CF9-B03A24AA2172}"
EndProject
Project("{9A19103F-16F7-4668-BE54-9A1E7A4F7556}") = "A2v10.ProcS.Chatbot", "A2v10.ProcS.Chatbot\A2v10.ProcS.Chatbot\A2v10.ProcS.Chatbot.csproj", "{7010BA59-83EB-474D-A301-ECDA1F8B8782}"
EndProject
Project("{2150E333-8FDC-42A3-9474-1A3956D46DE8}") = "externals", "externals", "{37215C65-BE06-4242-A5A8-8232859BFE7C}"
EndProject
Project("{9A19103F-16F7-4668-BE54-9A1E7A4F7556}") = "ChatBotCore", "A2v10.ProcS.Chatbot\externals\ChatBotCore\ChatBotCore\ChatBotCore.csproj", "{6BF4AD97-FC18-40F4-9FF4-9FAE2A00805E}"
EndProject
Global
	GlobalSection(SolutionConfigurationPlatforms) = preSolution
		Debug|Any CPU = Debug|Any CPU
		Release|Any CPU = Release|Any CPU
	EndGlobalSection
	GlobalSection(ProjectConfigurationPlatforms) = postSolution
		{42211D38-C5C3-421D-89AD-7DBA497FB93A}.Debug|Any CPU.ActiveCfg = Debug|Any CPU
		{42211D38-C5C3-421D-89AD-7DBA497FB93A}.Debug|Any CPU.Build.0 = Debug|Any CPU
		{42211D38-C5C3-421D-89AD-7DBA497FB93A}.Release|Any CPU.ActiveCfg = Release|Any CPU
		{42211D38-C5C3-421D-89AD-7DBA497FB93A}.Release|Any CPU.Build.0 = Release|Any CPU
		{A6839BE6-CB95-4C73-9153-2EA6CC74895C}.Debug|Any CPU.ActiveCfg = Debug|Any CPU
		{A6839BE6-CB95-4C73-9153-2EA6CC74895C}.Debug|Any CPU.Build.0 = Debug|Any CPU
		{A6839BE6-CB95-4C73-9153-2EA6CC74895C}.Release|Any CPU.ActiveCfg = Release|Any CPU
		{A6839BE6-CB95-4C73-9153-2EA6CC74895C}.Release|Any CPU.Build.0 = Release|Any CPU
		{EA99F7E5-CFE3-41F5-AAB8-7F22EA15706A}.Debug|Any CPU.ActiveCfg = Debug|Any CPU
		{EA99F7E5-CFE3-41F5-AAB8-7F22EA15706A}.Debug|Any CPU.Build.0 = Debug|Any CPU
		{EA99F7E5-CFE3-41F5-AAB8-7F22EA15706A}.Release|Any CPU.ActiveCfg = Release|Any CPU
		{EA99F7E5-CFE3-41F5-AAB8-7F22EA15706A}.Release|Any CPU.Build.0 = Release|Any CPU
		{7010BA59-83EB-474D-A301-ECDA1F8B8782}.Debug|Any CPU.ActiveCfg = Debug|Any CPU
		{7010BA59-83EB-474D-A301-ECDA1F8B8782}.Debug|Any CPU.Build.0 = Debug|Any CPU
		{7010BA59-83EB-474D-A301-ECDA1F8B8782}.Release|Any CPU.ActiveCfg = Release|Any CPU
		{7010BA59-83EB-474D-A301-ECDA1F8B8782}.Release|Any CPU.Build.0 = Release|Any CPU
		{6BF4AD97-FC18-40F4-9FF4-9FAE2A00805E}.Debug|Any CPU.ActiveCfg = Debug|Any CPU
		{6BF4AD97-FC18-40F4-9FF4-9FAE2A00805E}.Debug|Any CPU.Build.0 = Debug|Any CPU
		{6BF4AD97-FC18-40F4-9FF4-9FAE2A00805E}.Release|Any CPU.ActiveCfg = Release|Any CPU
		{6BF4AD97-FC18-40F4-9FF4-9FAE2A00805E}.Release|Any CPU.Build.0 = Release|Any CPU
	EndGlobalSection
	GlobalSection(SolutionProperties) = preSolution
		HideSolutionNode = FALSE
	EndGlobalSection
	GlobalSection(NestedProjects) = preSolution
		{42211D38-C5C3-421D-89AD-7DBA497FB93A} = {0D81879B-52E1-4093-B783-21479A4BE203}
		{A6839BE6-CB95-4C73-9153-2EA6CC74895C} = {0D81879B-52E1-4093-B783-21479A4BE203}
		{EA99F7E5-CFE3-41F5-AAB8-7F22EA15706A} = {0D81879B-52E1-4093-B783-21479A4BE203}
		{7010BA59-83EB-474D-A301-ECDA1F8B8782} = {55D1D43E-4E04-4479-8CF9-B03A24AA2172}
		{37215C65-BE06-4242-A5A8-8232859BFE7C} = {55D1D43E-4E04-4479-8CF9-B03A24AA2172}
		{6BF4AD97-FC18-40F4-9FF4-9FAE2A00805E} = {37215C65-BE06-4242-A5A8-8232859BFE7C}
	EndGlobalSection
	GlobalSection(ExtensibilityGlobals) = postSolution
		SolutionGuid = {47153EF7-A825-434D-8A49-B3B08CE937D2}
	EndGlobalSection
EndGlobal
