
Microsoft Visual Studio Solution File, Format Version 12.00
# Visual Studio Version 16
VisualStudioVersion = 16.0.29709.97
MinimumVisualStudioVersion = 10.0.40219.1
Project("{2150E333-8FDC-42A3-9474-1A3956D46DE8}") = "A2v10.ProcS", "A2v10.ProcS", "{0D81879B-52E1-4093-B783-21479A4BE203}"
EndProject
Project("{9A19103F-16F7-4668-BE54-9A1E7A4F7556}") = "A2v10.ProcS", "A2v10.ProcS\A2v10.ProcS\A2v10.ProcS.csproj", "{42211D38-C5C3-421D-89AD-7DBA497FB93A}"
EndProject
Project("{9A19103F-16F7-4668-BE54-9A1E7A4F7556}") = "A2v10.ProcS.Tests", "A2v10.ProcS\A2v10.ProcS.Tests\A2v10.ProcS.Tests.csproj", "{EA99F7E5-CFE3-41F5-AAB8-7F22EA15706A}"
EndProject
Project("{2150E333-8FDC-42A3-9474-1A3956D46DE8}") = "A2v10.ProcS.Chatbot", "A2v10.ProcS.Chatbot", "{55D1D43E-4E04-4479-8CF9-B03A24AA2172}"
EndProject
Project("{9A19103F-16F7-4668-BE54-9A1E7A4F7556}") = "A2v10.ProcS.Chatbot", "A2v10.ProcS.Chatbot\A2v10.ProcS.Chatbot\A2v10.ProcS.Chatbot.csproj", "{7010BA59-83EB-474D-A301-ECDA1F8B8782}"
EndProject
Project("{2150E333-8FDC-42A3-9474-1A3956D46DE8}") = "externals", "externals", "{37215C65-BE06-4242-A5A8-8232859BFE7C}"
EndProject
Project("{9A19103F-16F7-4668-BE54-9A1E7A4F7556}") = "ChatBotCore", "A2v10.ProcS.Chatbot\externals\ChatBotCore\ChatBotCore\ChatBotCore.csproj", "{6BF4AD97-FC18-40F4-9FF4-9FAE2A00805E}"
EndProject
Project("{9A19103F-16F7-4668-BE54-9A1E7A4F7556}") = "A2v10.ProcS.Infrastructure", "A2v10.ProcS\A2v10.ProcS.Infrastructure\A2v10.ProcS.Infrastructure.csproj", "{2106B9FF-3F9A-4721-8873-F68C63DA5E5E}"
EndProject
Project("{9A19103F-16F7-4668-BE54-9A1E7A4F7556}") = "A2v10.ProcS.Plugin", "A2v10.ProcS\A2v10.ProcS.Plugin\A2v10.ProcS.Plugin.csproj", "{A050E837-95F8-4293-85AF-4B114BAD8E48}"
EndProject
Project("{9A19103F-16F7-4668-BE54-9A1E7A4F7556}") = "A2v10.ProcS.Chatbot.Tests", "A2v10.ProcS.Chatbot\A2v10.ProcS.Chatbot.Tests\A2v10.ProcS.Chatbot.Tests.csproj", "{31C3A1FB-D9A8-41F9-990D-C5DA371865F6}"
EndProject
Project("{9A19103F-16F7-4668-BE54-9A1E7A4F7556}") = "A2v10.ProcS.WebApi.Host", "A2v10.ProcS\A2v10.ProcS.WebApi.Host\A2v10.ProcS.WebApi.Host.csproj", "{4650DEF0-9C61-40F5-952F-CE1E58165B36}"
EndProject
Project("{9A19103F-16F7-4668-BE54-9A1E7A4F7556}") = "A2v10.ProcS.SqlServer", "A2v10.ProcS\A2v10.ProcS.SqlServer\A2v10.ProcS.SqlServer.csproj", "{8EDA00BB-1781-47F7-B726-B62814EDFF47}"
EndProject
Project("{9A19103F-16F7-4668-BE54-9A1E7A4F7556}") = "A2v10.ProcS.Tests.SqlStorage", "A2v10.ProcS\A2v10.ProcS.Tests.SqlStorage\A2v10.ProcS.Tests.SqlStorage.csproj", "{EAF30522-FB00-4FF7-861B-9FBFF5878042}"
EndProject
Project("{2150E333-8FDC-42A3-9474-1A3956D46DE8}") = "A2v10.Data", "A2v10.Data", "{674F4D05-BDCF-43AC-83B2-C9A72EE08E28}"
EndProject
Project("{9A19103F-16F7-4668-BE54-9A1E7A4F7556}") = "A2v10.Data", "A2v10.Data.NetStandard\A2v10.Data\A2v10.Data.csproj", "{8D9F2870-DE3C-4CBD-879D-FB28877EC29B}"
EndProject
Project("{9A19103F-16F7-4668-BE54-9A1E7A4F7556}") = "A2v10.Data.Interfaces", "A2v10.Data.NetStandard\A2v10.Data.Interfaces\A2v10.Data.Interfaces.csproj", "{52CE6D75-1E8D-4ADC-97AB-7E26D9733735}"
EndProject
Global
	GlobalSection(SolutionConfigurationPlatforms) = preSolution
		Debug|Any CPU = Debug|Any CPU
		Release|Any CPU = Release|Any CPU
	EndGlobalSection
	GlobalSection(ProjectConfigurationPlatforms) = postSolution
		{42211D38-C5C3-421D-89AD-7DBA497FB93A}.Debug|Any CPU.ActiveCfg = Debug|Any CPU
		{42211D38-C5C3-421D-89AD-7DBA497FB93A}.Debug|Any CPU.Build.0 = Debug|Any CPU
		{42211D38-C5C3-421D-89AD-7DBA497FB93A}.Release|Any CPU.ActiveCfg = Release|Any CPU
		{42211D38-C5C3-421D-89AD-7DBA497FB93A}.Release|Any CPU.Build.0 = Release|Any CPU
		{EA99F7E5-CFE3-41F5-AAB8-7F22EA15706A}.Debug|Any CPU.ActiveCfg = Debug|Any CPU
		{EA99F7E5-CFE3-41F5-AAB8-7F22EA15706A}.Debug|Any CPU.Build.0 = Debug|Any CPU
		{EA99F7E5-CFE3-41F5-AAB8-7F22EA15706A}.Release|Any CPU.ActiveCfg = Release|Any CPU
		{EA99F7E5-CFE3-41F5-AAB8-7F22EA15706A}.Release|Any CPU.Build.0 = Release|Any CPU
		{7010BA59-83EB-474D-A301-ECDA1F8B8782}.Debug|Any CPU.ActiveCfg = Debug|Any CPU
		{7010BA59-83EB-474D-A301-ECDA1F8B8782}.Debug|Any CPU.Build.0 = Debug|Any CPU
		{7010BA59-83EB-474D-A301-ECDA1F8B8782}.Release|Any CPU.ActiveCfg = Release|Any CPU
		{7010BA59-83EB-474D-A301-ECDA1F8B8782}.Release|Any CPU.Build.0 = Release|Any CPU
		{6BF4AD97-FC18-40F4-9FF4-9FAE2A00805E}.Debug|Any CPU.ActiveCfg = Debug|Any CPU
		{6BF4AD97-FC18-40F4-9FF4-9FAE2A00805E}.Debug|Any CPU.Build.0 = Debug|Any CPU
		{6BF4AD97-FC18-40F4-9FF4-9FAE2A00805E}.Release|Any CPU.ActiveCfg = Release|Any CPU
		{6BF4AD97-FC18-40F4-9FF4-9FAE2A00805E}.Release|Any CPU.Build.0 = Release|Any CPU
		{2106B9FF-3F9A-4721-8873-F68C63DA5E5E}.Debug|Any CPU.ActiveCfg = Debug|Any CPU
		{2106B9FF-3F9A-4721-8873-F68C63DA5E5E}.Debug|Any CPU.Build.0 = Debug|Any CPU
		{2106B9FF-3F9A-4721-8873-F68C63DA5E5E}.Release|Any CPU.ActiveCfg = Release|Any CPU
		{2106B9FF-3F9A-4721-8873-F68C63DA5E5E}.Release|Any CPU.Build.0 = Release|Any CPU
		{A050E837-95F8-4293-85AF-4B114BAD8E48}.Debug|Any CPU.ActiveCfg = Debug|Any CPU
		{A050E837-95F8-4293-85AF-4B114BAD8E48}.Debug|Any CPU.Build.0 = Debug|Any CPU
		{A050E837-95F8-4293-85AF-4B114BAD8E48}.Release|Any CPU.ActiveCfg = Release|Any CPU
		{A050E837-95F8-4293-85AF-4B114BAD8E48}.Release|Any CPU.Build.0 = Release|Any CPU
		{31C3A1FB-D9A8-41F9-990D-C5DA371865F6}.Debug|Any CPU.ActiveCfg = Debug|Any CPU
		{31C3A1FB-D9A8-41F9-990D-C5DA371865F6}.Debug|Any CPU.Build.0 = Debug|Any CPU
		{31C3A1FB-D9A8-41F9-990D-C5DA371865F6}.Release|Any CPU.ActiveCfg = Release|Any CPU
		{31C3A1FB-D9A8-41F9-990D-C5DA371865F6}.Release|Any CPU.Build.0 = Release|Any CPU
		{4650DEF0-9C61-40F5-952F-CE1E58165B36}.Debug|Any CPU.ActiveCfg = Debug|Any CPU
		{4650DEF0-9C61-40F5-952F-CE1E58165B36}.Debug|Any CPU.Build.0 = Debug|Any CPU
		{4650DEF0-9C61-40F5-952F-CE1E58165B36}.Release|Any CPU.ActiveCfg = Release|Any CPU
		{4650DEF0-9C61-40F5-952F-CE1E58165B36}.Release|Any CPU.Build.0 = Release|Any CPU
		{8EDA00BB-1781-47F7-B726-B62814EDFF47}.Debug|Any CPU.ActiveCfg = Debug|Any CPU
		{8EDA00BB-1781-47F7-B726-B62814EDFF47}.Debug|Any CPU.Build.0 = Debug|Any CPU
		{8EDA00BB-1781-47F7-B726-B62814EDFF47}.Release|Any CPU.ActiveCfg = Release|Any CPU
		{8EDA00BB-1781-47F7-B726-B62814EDFF47}.Release|Any CPU.Build.0 = Release|Any CPU
		{EAF30522-FB00-4FF7-861B-9FBFF5878042}.Debug|Any CPU.ActiveCfg = Debug|Any CPU
		{EAF30522-FB00-4FF7-861B-9FBFF5878042}.Debug|Any CPU.Build.0 = Debug|Any CPU
		{EAF30522-FB00-4FF7-861B-9FBFF5878042}.Release|Any CPU.ActiveCfg = Release|Any CPU
		{EAF30522-FB00-4FF7-861B-9FBFF5878042}.Release|Any CPU.Build.0 = Release|Any CPU
		{8D9F2870-DE3C-4CBD-879D-FB28877EC29B}.Debug|Any CPU.ActiveCfg = Debug|Any CPU
		{8D9F2870-DE3C-4CBD-879D-FB28877EC29B}.Debug|Any CPU.Build.0 = Debug|Any CPU
		{8D9F2870-DE3C-4CBD-879D-FB28877EC29B}.Release|Any CPU.ActiveCfg = Release|Any CPU
		{8D9F2870-DE3C-4CBD-879D-FB28877EC29B}.Release|Any CPU.Build.0 = Release|Any CPU
		{52CE6D75-1E8D-4ADC-97AB-7E26D9733735}.Debug|Any CPU.ActiveCfg = Debug|Any CPU
		{52CE6D75-1E8D-4ADC-97AB-7E26D9733735}.Debug|Any CPU.Build.0 = Debug|Any CPU
		{52CE6D75-1E8D-4ADC-97AB-7E26D9733735}.Release|Any CPU.ActiveCfg = Release|Any CPU
		{52CE6D75-1E8D-4ADC-97AB-7E26D9733735}.Release|Any CPU.Build.0 = Release|Any CPU
	EndGlobalSection
	GlobalSection(SolutionProperties) = preSolution
		HideSolutionNode = FALSE
	EndGlobalSection
	GlobalSection(NestedProjects) = preSolution
		{42211D38-C5C3-421D-89AD-7DBA497FB93A} = {0D81879B-52E1-4093-B783-21479A4BE203}
		{EA99F7E5-CFE3-41F5-AAB8-7F22EA15706A} = {0D81879B-52E1-4093-B783-21479A4BE203}
		{7010BA59-83EB-474D-A301-ECDA1F8B8782} = {55D1D43E-4E04-4479-8CF9-B03A24AA2172}
		{37215C65-BE06-4242-A5A8-8232859BFE7C} = {55D1D43E-4E04-4479-8CF9-B03A24AA2172}
		{6BF4AD97-FC18-40F4-9FF4-9FAE2A00805E} = {37215C65-BE06-4242-A5A8-8232859BFE7C}
		{2106B9FF-3F9A-4721-8873-F68C63DA5E5E} = {0D81879B-52E1-4093-B783-21479A4BE203}
		{A050E837-95F8-4293-85AF-4B114BAD8E48} = {0D81879B-52E1-4093-B783-21479A4BE203}
		{31C3A1FB-D9A8-41F9-990D-C5DA371865F6} = {55D1D43E-4E04-4479-8CF9-B03A24AA2172}
		{4650DEF0-9C61-40F5-952F-CE1E58165B36} = {0D81879B-52E1-4093-B783-21479A4BE203}
		{8EDA00BB-1781-47F7-B726-B62814EDFF47} = {0D81879B-52E1-4093-B783-21479A4BE203}
		{EAF30522-FB00-4FF7-861B-9FBFF5878042} = {0D81879B-52E1-4093-B783-21479A4BE203}
		{8D9F2870-DE3C-4CBD-879D-FB28877EC29B} = {674F4D05-BDCF-43AC-83B2-C9A72EE08E28}
		{52CE6D75-1E8D-4ADC-97AB-7E26D9733735} = {674F4D05-BDCF-43AC-83B2-C9A72EE08E28}
	EndGlobalSection
	GlobalSection(ExtensibilityGlobals) = postSolution
		SolutionGuid = {47153EF7-A825-434D-8A49-B3B08CE937D2}
	EndGlobalSection
EndGlobal
